// !$*UTF8*$!
{
	archiveVersion = 1;
	classes = {
	};
	objectVersion = 50;
	objects = {

/* Begin PBXBuildFile section */
		E61DA7EB228E952D00769902 /* AppDelegate.swift in Sources */ = {isa = PBXBuildFile; fileRef = E61DA7EA228E952D00769902 /* AppDelegate.swift */; };
		E61DA7ED228E952D00769902 /* ViewController.swift in Sources */ = {isa = PBXBuildFile; fileRef = E61DA7EC228E952D00769902 /* ViewController.swift */; };
		E61DA7F0228E952D00769902 /* Main.storyboard in Resources */ = {isa = PBXBuildFile; fileRef = E61DA7EE228E952D00769902 /* Main.storyboard */; };
		E61DA7F2228E952F00769902 /* Assets.xcassets in Resources */ = {isa = PBXBuildFile; fileRef = E61DA7F1228E952F00769902 /* Assets.xcassets */; };
		E61DA7F5228E952F00769902 /* LaunchScreen.storyboard in Resources */ = {isa = PBXBuildFile; fileRef = E61DA7F3228E952F00769902 /* LaunchScreen.storyboard */; };
		E61DA800228E952F00769902 /* WeiBoTests.swift in Sources */ = {isa = PBXBuildFile; fileRef = E61DA7FF228E952F00769902 /* WeiBoTests.swift */; };
		E61DA80B228E952F00769902 /* WeiBoUITests.swift in Sources */ = {isa = PBXBuildFile; fileRef = E61DA80A228E952F00769902 /* WeiBoUITests.swift */; };
		E61DA825228E964A00769902 /* HomeViewController.swift in Sources */ = {isa = PBXBuildFile; fileRef = E61DA81A228E964A00769902 /* HomeViewController.swift */; };
		E61DA826228E964A00769902 /* DiscoverViewController.swift in Sources */ = {isa = PBXBuildFile; fileRef = E61DA81C228E964A00769902 /* DiscoverViewController.swift */; };
		E61DA827228E964A00769902 /* MessageViewController.swift in Sources */ = {isa = PBXBuildFile; fileRef = E61DA81E228E964A00769902 /* MessageViewController.swift */; };
		E61DA828228E964A00769902 /* ProfileViewController.swift in Sources */ = {isa = PBXBuildFile; fileRef = E61DA820228E964A00769902 /* ProfileViewController.swift */; };
		E61DA829228E964A00769902 /* MainViewController.swift in Sources */ = {isa = PBXBuildFile; fileRef = E61DA822228E964A00769902 /* MainViewController.swift */; };
		E61DA82A228E964A00769902 /* MainVCSettings.json in Resources */ = {isa = PBXBuildFile; fileRef = E61DA824228E964A00769902 /* MainVCSettings.json */; };
/* End PBXBuildFile section */

/* Begin PBXContainerItemProxy section */
		E61DA7FC228E952F00769902 /* PBXContainerItemProxy */ = {
			isa = PBXContainerItemProxy;
			containerPortal = E61DA7DF228E952D00769902 /* Project object */;
			proxyType = 1;
			remoteGlobalIDString = E61DA7E6228E952D00769902;
			remoteInfo = WeiBo;
		};
		E61DA807228E952F00769902 /* PBXContainerItemProxy */ = {
			isa = PBXContainerItemProxy;
			containerPortal = E61DA7DF228E952D00769902 /* Project object */;
			proxyType = 1;
			remoteGlobalIDString = E61DA7E6228E952D00769902;
			remoteInfo = WeiBo;
		};
/* End PBXContainerItemProxy section */

/* Begin PBXFileReference section */
		E61DA7E7228E952D00769902 /* WeiBo.app */ = {isa = PBXFileReference; explicitFileType = wrapper.application; includeInIndex = 0; path = WeiBo.app; sourceTree = BUILT_PRODUCTS_DIR; };
		E61DA7EA228E952D00769902 /* AppDelegate.swift */ = {isa = PBXFileReference; lastKnownFileType = sourcecode.swift; path = AppDelegate.swift; sourceTree = "<group>"; };
		E61DA7EC228E952D00769902 /* ViewController.swift */ = {isa = PBXFileReference; lastKnownFileType = sourcecode.swift; path = ViewController.swift; sourceTree = "<group>"; };
		E61DA7EF228E952D00769902 /* Base */ = {isa = PBXFileReference; lastKnownFileType = file.storyboard; name = Base; path = Base.lproj/Main.storyboard; sourceTree = "<group>"; };
		E61DA7F1228E952F00769902 /* Assets.xcassets */ = {isa = PBXFileReference; lastKnownFileType = folder.assetcatalog; path = Assets.xcassets; sourceTree = "<group>"; };
		E61DA7F4228E952F00769902 /* Base */ = {isa = PBXFileReference; lastKnownFileType = file.storyboard; name = Base; path = Base.lproj/LaunchScreen.storyboard; sourceTree = "<group>"; };
		E61DA7F6228E952F00769902 /* Info.plist */ = {isa = PBXFileReference; lastKnownFileType = text.plist.xml; path = Info.plist; sourceTree = "<group>"; };
		E61DA7FB228E952F00769902 /* WeiBoTests.xctest */ = {isa = PBXFileReference; explicitFileType = wrapper.cfbundle; includeInIndex = 0; path = WeiBoTests.xctest; sourceTree = BUILT_PRODUCTS_DIR; };
		E61DA7FF228E952F00769902 /* WeiBoTests.swift */ = {isa = PBXFileReference; lastKnownFileType = sourcecode.swift; path = WeiBoTests.swift; sourceTree = "<group>"; };
		E61DA801228E952F00769902 /* Info.plist */ = {isa = PBXFileReference; lastKnownFileType = text.plist.xml; path = Info.plist; sourceTree = "<group>"; };
		E61DA806228E952F00769902 /* WeiBoUITests.xctest */ = {isa = PBXFileReference; explicitFileType = wrapper.cfbundle; includeInIndex = 0; path = WeiBoUITests.xctest; sourceTree = BUILT_PRODUCTS_DIR; };
		E61DA80A228E952F00769902 /* WeiBoUITests.swift */ = {isa = PBXFileReference; lastKnownFileType = sourcecode.swift; path = WeiBoUITests.swift; sourceTree = "<group>"; };
		E61DA80C228E952F00769902 /* Info.plist */ = {isa = PBXFileReference; lastKnownFileType = text.plist.xml; path = Info.plist; sourceTree = "<group>"; };
		E61DA81A228E964A00769902 /* HomeViewController.swift */ = {isa = PBXFileReference; fileEncoding = 4; lastKnownFileType = sourcecode.swift; path = HomeViewController.swift; sourceTree = "<group>"; };
		E61DA81C228E964A00769902 /* DiscoverViewController.swift */ = {isa = PBXFileReference; fileEncoding = 4; lastKnownFileType = sourcecode.swift; path = DiscoverViewController.swift; sourceTree = "<group>"; };
		E61DA81E228E964A00769902 /* MessageViewController.swift */ = {isa = PBXFileReference; fileEncoding = 4; lastKnownFileType = sourcecode.swift; path = MessageViewController.swift; sourceTree = "<group>"; };
		E61DA820228E964A00769902 /* ProfileViewController.swift */ = {isa = PBXFileReference; fileEncoding = 4; lastKnownFileType = sourcecode.swift; path = ProfileViewController.swift; sourceTree = "<group>"; };
		E61DA822228E964A00769902 /* MainViewController.swift */ = {isa = PBXFileReference; fileEncoding = 4; lastKnownFileType = sourcecode.swift; path = MainViewController.swift; sourceTree = "<group>"; };
		E61DA824228E964A00769902 /* MainVCSettings.json */ = {isa = PBXFileReference; fileEncoding = 4; lastKnownFileType = text.json; path = MainVCSettings.json; sourceTree = "<group>"; };
/* End PBXFileReference section */

/* Begin PBXFrameworksBuildPhase section */
		E61DA7E4228E952D00769902 /* Frameworks */ = {
			isa = PBXFrameworksBuildPhase;
			buildActionMask = 2147483647;
			files = (
			);
			runOnlyForDeploymentPostprocessing = 0;
		};
		E61DA7F8228E952F00769902 /* Frameworks */ = {
			isa = PBXFrameworksBuildPhase;
			buildActionMask = 2147483647;
			files = (
			);
			runOnlyForDeploymentPostprocessing = 0;
		};
		E61DA803228E952F00769902 /* Frameworks */ = {
			isa = PBXFrameworksBuildPhase;
			buildActionMask = 2147483647;
			files = (
			);
			runOnlyForDeploymentPostprocessing = 0;
		};
/* End PBXFrameworksBuildPhase section */

/* Begin PBXGroup section */
		E61DA7DE228E952D00769902 = {
			isa = PBXGroup;
			children = (
				E61DA7E9228E952D00769902 /* WeiBo */,
				E61DA7FE228E952F00769902 /* WeiBoTests */,
				E61DA809228E952F00769902 /* WeiBoUITests */,
				E61DA7E8228E952D00769902 /* Products */,
			);
			sourceTree = "<group>";
		};
		E61DA7E8228E952D00769902 /* Products */ = {
			isa = PBXGroup;
			children = (
				E61DA7E7228E952D00769902 /* WeiBo.app */,
				E61DA7FB228E952F00769902 /* WeiBoTests.xctest */,
				E61DA806228E952F00769902 /* WeiBoUITests.xctest */,
			);
			name = Products;
			sourceTree = "<group>";
		};
		E61DA7E9228E952D00769902 /* WeiBo */ = {
			isa = PBXGroup;
			children = (
				E61DA818228E964A00769902 /* Classes */,
				E61DA7EA228E952D00769902 /* AppDelegate.swift */,
				E61DA7EC228E952D00769902 /* ViewController.swift */,
				E61DA7EE228E952D00769902 /* Main.storyboard */,
				E61DA7F1228E952F00769902 /* Assets.xcassets */,
				E61DA7F3228E952F00769902 /* LaunchScreen.storyboard */,
				E61DA7F6228E952F00769902 /* Info.plist */,
			);
			path = WeiBo;
			sourceTree = "<group>";
		};
		E61DA7FE228E952F00769902 /* WeiBoTests */ = {
			isa = PBXGroup;
			children = (
				E61DA7FF228E952F00769902 /* WeiBoTests.swift */,
				E61DA801228E952F00769902 /* Info.plist */,
			);
			path = WeiBoTests;
			sourceTree = "<group>";
		};
		E61DA809228E952F00769902 /* WeiBoUITests */ = {
			isa = PBXGroup;
			children = (
				E61DA80A228E952F00769902 /* WeiBoUITests.swift */,
				E61DA80C228E952F00769902 /* Info.plist */,
			);
			path = WeiBoUITests;
			sourceTree = "<group>";
		};
		E61DA818228E964A00769902 /* Classes */ = {
			isa = PBXGroup;
			children = (
				E61DA819228E964A00769902 /* Home */,
				E61DA81B228E964A00769902 /* DIscover */,
				E61DA81D228E964A00769902 /* Message */,
				E61DA81F228E964A00769902 /* Profile */,
				E61DA821228E964A00769902 /* Main */,
			);
			path = Classes;
			sourceTree = "<group>";
		};
		E61DA819228E964A00769902 /* Home */ = {
			isa = PBXGroup;
			children = (
				E61DA81A228E964A00769902 /* HomeViewController.swift */,
			);
			path = Home;
			sourceTree = "<group>";
		};
		E61DA81B228E964A00769902 /* DIscover */ = {
			isa = PBXGroup;
			children = (
				E61DA81C228E964A00769902 /* DiscoverViewController.swift */,
			);
			path = DIscover;
			sourceTree = "<group>";
		};
		E61DA81D228E964A00769902 /* Message */ = {
			isa = PBXGroup;
			children = (
				E61DA81E228E964A00769902 /* MessageViewController.swift */,
			);
			path = Message;
			sourceTree = "<group>";
		};
		E61DA81F228E964A00769902 /* Profile */ = {
			isa = PBXGroup;
			children = (
				E61DA820228E964A00769902 /* ProfileViewController.swift */,
			);
			path = Profile;
			sourceTree = "<group>";
		};
		E61DA821228E964A00769902 /* Main */ = {
			isa = PBXGroup;
			children = (
				E61DA822228E964A00769902 /* MainViewController.swift */,
				E61DA823228E964A00769902 /* Resource */,
			);
			path = Main;
			sourceTree = "<group>";
		};
		E61DA823228E964A00769902 /* Resource */ = {
			isa = PBXGroup;
			children = (
				E61DA824228E964A00769902 /* MainVCSettings.json */,
			);
			path = Resource;
			sourceTree = "<group>";
		};
/* End PBXGroup section */

/* Begin PBXNativeTarget section */
		E61DA7E6228E952D00769902 /* WeiBo */ = {
			isa = PBXNativeTarget;
			buildConfigurationList = E61DA80F228E952F00769902 /* Build configuration list for PBXNativeTarget "WeiBo" */;
			buildPhases = (
				E61DA7E3228E952D00769902 /* Sources */,
				E61DA7E4228E952D00769902 /* Frameworks */,
				E61DA7E5228E952D00769902 /* Resources */,
			);
			buildRules = (
			);
			dependencies = (
			);
			name = WeiBo;
			productName = WeiBo;
			productReference = E61DA7E7228E952D00769902 /* WeiBo.app */;
			productType = "com.apple.product-type.application";
		};
		E61DA7FA228E952F00769902 /* WeiBoTests */ = {
			isa = PBXNativeTarget;
			buildConfigurationList = E61DA812228E952F00769902 /* Build configuration list for PBXNativeTarget "WeiBoTests" */;
			buildPhases = (
				E61DA7F7228E952F00769902 /* Sources */,
				E61DA7F8228E952F00769902 /* Frameworks */,
				E61DA7F9228E952F00769902 /* Resources */,
			);
			buildRules = (
			);
			dependencies = (
				E61DA7FD228E952F00769902 /* PBXTargetDependency */,
			);
			name = WeiBoTests;
			productName = WeiBoTests;
			productReference = E61DA7FB228E952F00769902 /* WeiBoTests.xctest */;
			productType = "com.apple.product-type.bundle.unit-test";
		};
		E61DA805228E952F00769902 /* WeiBoUITests */ = {
			isa = PBXNativeTarget;
			buildConfigurationList = E61DA815228E952F00769902 /* Build configuration list for PBXNativeTarget "WeiBoUITests" */;
			buildPhases = (
				E61DA802228E952F00769902 /* Sources */,
				E61DA803228E952F00769902 /* Frameworks */,
				E61DA804228E952F00769902 /* Resources */,
			);
			buildRules = (
			);
			dependencies = (
				E61DA808228E952F00769902 /* PBXTargetDependency */,
			);
			name = WeiBoUITests;
			productName = WeiBoUITests;
			productReference = E61DA806228E952F00769902 /* WeiBoUITests.xctest */;
			productType = "com.apple.product-type.bundle.ui-testing";
		};
/* End PBXNativeTarget section */

/* Begin PBXProject section */
		E61DA7DF228E952D00769902 /* Project object */ = {
			isa = PBXProject;
			attributes = {
				LastSwiftUpdateCheck = 1020;
				LastUpgradeCheck = 1020;
				ORGANIZATIONNAME = cailufei;
				TargetAttributes = {
					E61DA7E6228E952D00769902 = {
						CreatedOnToolsVersion = 10.2.1;
					};
					E61DA7FA228E952F00769902 = {
						CreatedOnToolsVersion = 10.2.1;
						TestTargetID = E61DA7E6228E952D00769902;
					};
					E61DA805228E952F00769902 = {
						CreatedOnToolsVersion = 10.2.1;
						TestTargetID = E61DA7E6228E952D00769902;
					};
				};
			};
			buildConfigurationList = E61DA7E2228E952D00769902 /* Build configuration list for PBXProject "WeiBo" */;
			compatibilityVersion = "Xcode 9.3";
			developmentRegion = en;
			hasScannedForEncodings = 0;
			knownRegions = (
				en,
				Base,
			);
			mainGroup = E61DA7DE228E952D00769902;
			productRefGroup = E61DA7E8228E952D00769902 /* Products */;
			projectDirPath = "";
			projectRoot = "";
			targets = (
				E61DA7E6228E952D00769902 /* WeiBo */,
				E61DA7FA228E952F00769902 /* WeiBoTests */,
				E61DA805228E952F00769902 /* WeiBoUITests */,
			);
		};
/* End PBXProject section */

/* Begin PBXResourcesBuildPhase section */
		E61DA7E5228E952D00769902 /* Resources */ = {
			isa = PBXResourcesBuildPhase;
			buildActionMask = 2147483647;
			files = (
				E61DA7F5228E952F00769902 /* LaunchScreen.storyboard in Resources */,
				E61DA7F2228E952F00769902 /* Assets.xcassets in Resources */,
				E61DA82A228E964A00769902 /* MainVCSettings.json in Resources */,
				E61DA7F0228E952D00769902 /* Main.storyboard in Resources */,
			);
			runOnlyForDeploymentPostprocessing = 0;
		};
		E61DA7F9228E952F00769902 /* Resources */ = {
			isa = PBXResourcesBuildPhase;
			buildActionMask = 2147483647;
			files = (
			);
			runOnlyForDeploymentPostprocessing = 0;
		};
		E61DA804228E952F00769902 /* Resources */ = {
			isa = PBXResourcesBuildPhase;
			buildActionMask = 2147483647;
			files = (
			);
			runOnlyForDeploymentPostprocessing = 0;
		};
/* End PBXResourcesBuildPhase section */

/* Begin PBXSourcesBuildPhase section */
		E61DA7E3228E952D00769902 /* Sources */ = {
			isa = PBXSourcesBuildPhase;
			buildActionMask = 2147483647;
			files = (
				E61DA829228E964A00769902 /* MainViewController.swift in Sources */,
				E61DA828228E964A00769902 /* ProfileViewController.swift in Sources */,
				E61DA7ED228E952D00769902 /* ViewController.swift in Sources */,
				E61DA826228E964A00769902 /* DiscoverViewController.swift in Sources */,
				E61DA7EB228E952D00769902 /* AppDelegate.swift in Sources */,
				E61DA825228E964A00769902 /* HomeViewController.swift in Sources */,
				E61DA827228E964A00769902 /* MessageViewController.swift in Sources */,
			);
			runOnlyForDeploymentPostprocessing = 0;
		};
		E61DA7F7228E952F00769902 /* Sources */ = {
			isa = PBXSourcesBuildPhase;
			buildActionMask = 2147483647;
			files = (
				E61DA800228E952F00769902 /* WeiBoTests.swift in Sources */,
			);
			runOnlyForDeploymentPostprocessing = 0;
		};
		E61DA802228E952F00769902 /* Sources */ = {
			isa = PBXSourcesBuildPhase;
			buildActionMask = 2147483647;
			files = (
				E61DA80B228E952F00769902 /* WeiBoUITests.swift in Sources */,
			);
			runOnlyForDeploymentPostprocessing = 0;
		};
/* End PBXSourcesBuildPhase section */

/* Begin PBXTargetDependency section */
		E61DA7FD228E952F00769902 /* PBXTargetDependency */ = {
			isa = PBXTargetDependency;
			target = E61DA7E6228E952D00769902 /* WeiBo */;
			targetProxy = E61DA7FC228E952F00769902 /* PBXContainerItemProxy */;
		};
		E61DA808228E952F00769902 /* PBXTargetDependency */ = {
			isa = PBXTargetDependency;
			target = E61DA7E6228E952D00769902 /* WeiBo */;
			targetProxy = E61DA807228E952F00769902 /* PBXContainerItemProxy */;
		};
/* End PBXTargetDependency section */

/* Begin PBXVariantGroup section */
		E61DA7EE228E952D00769902 /* Main.storyboard */ = {
			isa = PBXVariantGroup;
			children = (
				E61DA7EF228E952D00769902 /* Base */,
			);
			name = Main.storyboard;
			sourceTree = "<group>";
		};
		E61DA7F3228E952F00769902 /* LaunchScreen.storyboard */ = {
			isa = PBXVariantGroup;
			children = (
				E61DA7F4228E952F00769902 /* Base */,
			);
			name = LaunchScreen.storyboard;
			sourceTree = "<group>";
		};
/* End PBXVariantGroup section */

/* Begin XCBuildConfiguration section */
		E61DA80D228E952F00769902 /* Debug */ = {
			isa = XCBuildConfiguration;
			buildSettings = {
				ALWAYS_SEARCH_USER_PATHS = NO;
				CLANG_ANALYZER_NONNULL = YES;
				CLANG_ANALYZER_NUMBER_OBJECT_CONVERSION = YES_AGGRESSIVE;
				CLANG_CXX_LANGUAGE_STANDARD = "gnu++14";
				CLANG_CXX_LIBRARY = "libc++";
				CLANG_ENABLE_MODULES = YES;
				CLANG_ENABLE_OBJC_ARC = YES;
				CLANG_ENABLE_OBJC_WEAK = YES;
				CLANG_WARN_BLOCK_CAPTURE_AUTORELEASING = YES;
				CLANG_WARN_BOOL_CONVERSION = YES;
				CLANG_WARN_COMMA = YES;
				CLANG_WARN_CONSTANT_CONVERSION = YES;
				CLANG_WARN_DEPRECATED_OBJC_IMPLEMENTATIONS = YES;
				CLANG_WARN_DIRECT_OBJC_ISA_USAGE = YES_ERROR;
				CLANG_WARN_DOCUMENTATION_COMMENTS = YES;
				CLANG_WARN_EMPTY_BODY = YES;
				CLANG_WARN_ENUM_CONVERSION = YES;
				CLANG_WARN_INFINITE_RECURSION = YES;
				CLANG_WARN_INT_CONVERSION = YES;
				CLANG_WARN_NON_LITERAL_NULL_CONVERSION = YES;
				CLANG_WARN_OBJC_IMPLICIT_RETAIN_SELF = YES;
				CLANG_WARN_OBJC_LITERAL_CONVERSION = YES;
				CLANG_WARN_OBJC_ROOT_CLASS = YES_ERROR;
				CLANG_WARN_RANGE_LOOP_ANALYSIS = YES;
				CLANG_WARN_STRICT_PROTOTYPES = YES;
				CLANG_WARN_SUSPICIOUS_MOVE = YES;
				CLANG_WARN_UNGUARDED_AVAILABILITY = YES_AGGRESSIVE;
				CLANG_WARN_UNREACHABLE_CODE = YES;
				CLANG_WARN__DUPLICATE_METHOD_MATCH = YES;
				CODE_SIGN_IDENTITY = "iPhone Developer";
				COPY_PHASE_STRIP = NO;
				DEBUG_INFORMATION_FORMAT = dwarf;
				ENABLE_STRICT_OBJC_MSGSEND = YES;
				ENABLE_TESTABILITY = YES;
				GCC_C_LANGUAGE_STANDARD = gnu11;
				GCC_DYNAMIC_NO_PIC = NO;
				GCC_NO_COMMON_BLOCKS = YES;
				GCC_OPTIMIZATION_LEVEL = 0;
				GCC_PREPROCESSOR_DEFINITIONS = (
					"DEBUG=1",
					"$(inherited)",
				);
				GCC_WARN_64_TO_32_BIT_CONVERSION = YES;
				GCC_WARN_ABOUT_RETURN_TYPE = YES_ERROR;
				GCC_WARN_UNDECLARED_SELECTOR = YES;
				GCC_WARN_UNINITIALIZED_AUTOS = YES_AGGRESSIVE;
				GCC_WARN_UNUSED_FUNCTION = YES;
				GCC_WARN_UNUSED_VARIABLE = YES;
				IPHONEOS_DEPLOYMENT_TARGET = 12.2;
				MTL_ENABLE_DEBUG_INFO = INCLUDE_SOURCE;
				MTL_FAST_MATH = YES;
				ONLY_ACTIVE_ARCH = YES;
				SDKROOT = iphoneos;
				SWIFT_ACTIVE_COMPILATION_CONDITIONS = DEBUG;
				SWIFT_OPTIMIZATION_LEVEL = "-Onone";
			};
			name = Debug;
		};
		E61DA80E228E952F00769902 /* Release */ = {
			isa = XCBuildConfiguration;
			buildSettings = {
				ALWAYS_SEARCH_USER_PATHS = NO;
				CLANG_ANALYZER_NONNULL = YES;
				CLANG_ANALYZER_NUMBER_OBJECT_CONVERSION = YES_AGGRESSIVE;
				CLANG_CXX_LANGUAGE_STANDARD = "gnu++14";
				CLANG_CXX_LIBRARY = "libc++";
				CLANG_ENABLE_MODULES = YES;
				CLANG_ENABLE_OBJC_ARC = YES;
				CLANG_ENABLE_OBJC_WEAK = YES;
				CLANG_WARN_BLOCK_CAPTURE_AUTORELEASING = YES;
				CLANG_WARN_BOOL_CONVERSION = YES;
				CLANG_WARN_COMMA = YES;
				CLANG_WARN_CONSTANT_CONVERSION = YES;
				CLANG_WARN_DEPRECATED_OBJC_IMPLEMENTATIONS = YES;
				CLANG_WARN_DIRECT_OBJC_ISA_USAGE = YES_ERROR;
				CLANG_WARN_DOCUMENTATION_COMMENTS = YES;
				CLANG_WARN_EMPTY_BODY = YES;
				CLANG_WARN_ENUM_CONVERSION = YES;
				CLANG_WARN_INFINITE_RECURSION = YES;
				CLANG_WARN_INT_CONVERSION = YES;
				CLANG_WARN_NON_LITERAL_NULL_CONVERSION = YES;
				CLANG_WARN_OBJC_IMPLICIT_RETAIN_SELF = YES;
				CLANG_WARN_OBJC_LITERAL_CONVERSION = YES;
				CLANG_WARN_OBJC_ROOT_CLASS = YES_ERROR;
				CLANG_WARN_RANGE_LOOP_ANALYSIS = YES;
				CLANG_WARN_STRICT_PROTOTYPES = YES;
				CLANG_WARN_SUSPICIOUS_MOVE = YES;
				CLANG_WARN_UNGUARDED_AVAILABILITY = YES_AGGRESSIVE;
				CLANG_WARN_UNREACHABLE_CODE = YES;
				CLANG_WARN__DUPLICATE_METHOD_MATCH = YES;
				CODE_SIGN_IDENTITY = "iPhone Developer";
				COPY_PHASE_STRIP = NO;
				DEBUG_INFORMATION_FORMAT = "dwarf-with-dsym";
				ENABLE_NS_ASSERTIONS = NO;
				ENABLE_STRICT_OBJC_MSGSEND = YES;
				GCC_C_LANGUAGE_STANDARD = gnu11;
				GCC_NO_COMMON_BLOCKS = YES;
				GCC_WARN_64_TO_32_BIT_CONVERSION = YES;
				GCC_WARN_ABOUT_RETURN_TYPE = YES_ERROR;
				GCC_WARN_UNDECLARED_SELECTOR = YES;
				GCC_WARN_UNINITIALIZED_AUTOS = YES_AGGRESSIVE;
				GCC_WARN_UNUSED_FUNCTION = YES;
				GCC_WARN_UNUSED_VARIABLE = YES;
				IPHONEOS_DEPLOYMENT_TARGET = 12.2;
				MTL_ENABLE_DEBUG_INFO = NO;
				MTL_FAST_MATH = YES;
				SDKROOT = iphoneos;
				SWIFT_COMPILATION_MODE = wholemodule;
				SWIFT_OPTIMIZATION_LEVEL = "-O";
				VALIDATE_PRODUCT = YES;
			};
			name = Release;
		};
		E61DA810228E952F00769902 /* Debug */ = {
			isa = XCBuildConfiguration;
			buildSettings = {
				ASSETCATALOG_COMPILER_APPICON_NAME = AppIcon;
				CODE_SIGN_STYLE = Automatic;
				DEVELOPMENT_TEAM = TA8KW3PC9E;
				INFOPLIST_FILE = WeiBo/Info.plist;
				LD_RUNPATH_SEARCH_PATHS = (
					"$(inherited)",
					"@executable_path/Frameworks",
				);
				PRODUCT_BUNDLE_IDENTIFIER = cailufei.WeiBo;
				PRODUCT_NAME = "$(TARGET_NAME)";
				SWIFT_VERSION = 5.0;
				TARGETED_DEVICE_FAMILY = "1,2";
			};
			name = Debug;
		};
		E61DA811228E952F00769902 /* Release */ = {
			isa = XCBuildConfiguration;
			buildSettings = {
				ASSETCATALOG_COMPILER_APPICON_NAME = AppIcon;
				CODE_SIGN_STYLE = Automatic;
				DEVELOPMENT_TEAM = TA8KW3PC9E;
				INFOPLIST_FILE = WeiBo/Info.plist;
				LD_RUNPATH_SEARCH_PATHS = (
					"$(inherited)",
					"@executable_path/Frameworks",
				);
				PRODUCT_BUNDLE_IDENTIFIER = cailufei.WeiBo;
				PRODUCT_NAME = "$(TARGET_NAME)";
				SWIFT_VERSION = 5.0;
				TARGETED_DEVICE_FAMILY = "1,2";
			};
			name = Release;
		};
		E61DA813228E952F00769902 /* Debug */ = {
			isa = XCBuildConfiguration;
			buildSettings = {
				ALWAYS_EMBED_SWIFT_STANDARD_LIBRARIES = YES;
				BUNDLE_LOADER = "$(TEST_HOST)";
				CODE_SIGN_STYLE = Automatic;
				INFOPLIST_FILE = WeiBoTests/Info.plist;
				LD_RUNPATH_SEARCH_PATHS = (
					"$(inherited)",
					"@executable_path/Frameworks",
					"@loader_path/Frameworks",
				);
				PRODUCT_BUNDLE_IDENTIFIER = cailufei.WeiBoTests;
				PRODUCT_NAME = "$(TARGET_NAME)";
				SWIFT_VERSION = 5.0;
				TARGETED_DEVICE_FAMILY = "1,2";
				TEST_HOST = "$(BUILT_PRODUCTS_DIR)/WeiBo.app/WeiBo";
			};
			name = Debug;
		};
		E61DA814228E952F00769902 /* Release */ = {
			isa = XCBuildConfiguration;
			buildSettings = {
				ALWAYS_EMBED_SWIFT_STANDARD_LIBRARIES = YES;
				BUNDLE_LOADER = "$(TEST_HOST)";
				CODE_SIGN_STYLE = Automatic;
				INFOPLIST_FILE = WeiBoTests/Info.plist;
				LD_RUNPATH_SEARCH_PATHS = (
					"$(inherited)",
					"@executable_path/Frameworks",
					"@loader_path/Frameworks",
				);
				PRODUCT_BUNDLE_IDENTIFIER = cailufei.WeiBoTests;
				PRODUCT_NAME = "$(TARGET_NAME)";
				SWIFT_VERSION = 5.0;
				TARGETED_DEVICE_FAMILY = "1,2";
				TEST_HOST = "$(BUILT_PRODUCTS_DIR)/WeiBo.app/WeiBo";
			};
			name = Release;
		};
		E61DA816228E952F00769902 /* Debug */ = {
			isa = XCBuildConfiguration;
			buildSettings = {
				ALWAYS_EMBED_SWIFT_STANDARD_LIBRARIES = YES;
				CODE_SIGN_STYLE = Automatic;
				INFOPLIST_FILE = WeiBoUITests/Info.plist;
				LD_RUNPATH_SEARCH_PATHS = (
					"$(inherited)",
					"@executable_path/Frameworks",
					"@loader_path/Frameworks",
				);
				PRODUCT_BUNDLE_IDENTIFIER = cailufei.WeiBoUITests;
				PRODUCT_NAME = "$(TARGET_NAME)";
				SWIFT_VERSION = 5.0;
				TARGETED_DEVICE_FAMILY = "1,2";
				TEST_TARGET_NAME = WeiBo;
			};
			name = Debug;
		};
		E61DA817228E952F00769902 /* Release */ = {
			isa = XCBuildConfiguration;
			buildSettings = {
				ALWAYS_EMBED_SWIFT_STANDARD_LIBRARIES = YES;
				CODE_SIGN_STYLE = Automatic;
				INFOPLIST_FILE = WeiBoUITests/Info.plist;
				LD_RUNPATH_SEARCH_PATHS = (
					"$(inherited)",
					"@executable_path/Frameworks",
					"@loader_path/Frameworks",
				);
				PRODUCT_BUNDLE_IDENTIFIER = cailufei.WeiBoUITests;
				PRODUCT_NAME = "$(TARGET_NAME)";
				SWIFT_VERSION = 5.0;
				TARGETED_DEVICE_FAMILY = "1,2";
				TEST_TARGET_NAME = WeiBo;
			};
			name = Release;
		};
/* End XCBuildConfiguration section */

/* Begin XCConfigurationList section */
		E61DA7E2228E952D00769902 /* Build configuration list for PBXProject "WeiBo" */ = {
			isa = XCConfigurationList;
			buildConfigurations = (
				E61DA80D228E952F00769902 /* Debug */,
				E61DA80E228E952F00769902 /* Release */,
			);
			defaultConfigurationIsVisible = 0;
			defaultConfigurationName = Release;
		};
		E61DA80F228E952F00769902 /* Build configuration list for PBXNativeTarget "WeiBo" */ = {
			isa = XCConfigurationList;
			buildConfigurations = (
				E61DA810228E952F00769902 /* Debug */,
				E61DA811228E952F00769902 /* Release */,
			);
			defaultConfigurationIsVisible = 0;
			defaultConfigurationName = Release;
		};
		E61DA812228E952F00769902 /* Build configuration list for PBXNativeTarget "WeiBoTests" */ = {
			isa = XCConfigurationList;
			buildConfigurations = (
				E61DA813228E952F00769902 /* Debug */,
				E61DA814228E952F00769902 /* Release */,
			);
			defaultConfigurationIsVisible = 0;
			defaultConfigurationName = Release;
		};
		E61DA815228E952F00769902 /* Build configuration list for PBXNativeTarget "WeiBoUITests" */ = {
			isa = XCConfigurationList;
			buildConfigurations = (
				E61DA816228E952F00769902 /* Debug */,
				E61DA817228E952F00769902 /* Release */,
			);
			defaultConfigurationIsVisible = 0;
			defaultConfigurationName = Release;
		};
/* End XCConfigurationList section */
	};
	rootObject = E61DA7DF228E952D00769902 /* Project object */;
}
